PODS:
  - Realm (2.10.1):
    - Realm/Headers (= 2.10.1)
  - Realm/Headers (2.10.1)
  - RealmSwift (2.10.1):
    - Realm (= 2.10.1)
  - SnapKit (4.0.0)

DEPENDENCIES:
  - RealmSwift
  - SnapKit

SPEC CHECKSUMS:
  Realm: fc7a317a5c2c9ba91f5f235ede4e2ea76e9eba0c
  RealmSwift: 505ed6c15942a2e76f5cfa78a8667cfa997ee75b
  SnapKit: a42d492c16e80209130a3379f73596c3454b7694

PODFILE CHECKSUM: 3bca41f8784372571f54546a50ff41c5263e411d

COCOAPODS: 1.2.0
